
Microsoft Visual Studio Solution File, Format Version 12.00
# Visual Studio Version 17
VisualStudioVersion = 17.3.32901.215
MinimumVisualStudioVersion = 10.0.40219.1
Project("{FAE04EC0-301F-11D3-BF4B-00C04F79EFBC}") = "Ghoul Launcher", "Ghoul Launcher.csproj", "{3014A469-D347-4C8F-BA4E-B1F3D3510BAE}"
EndProject
Global
	GlobalSection(SolutionConfigurationPlatforms) = preSolution
		Debug|Any CPU = Debug|Any CPU
		Release|Any CPU = Release|Any CPU
	EndGlobalSection
	GlobalSection(ProjectConfigurationPlatforms) = postSolution
		{3014A469-D347-4C8F-BA4E-B1F3D3510BAE}.Debug|Any CPU.ActiveCfg = Debug|Any CPU
		{3014A469-D347-4C8F-BA4E-B1F3D3510BAE}.Debug|Any CPU.Build.0 = Debug|Any CPU
		{3014A469-D347-4C8F-BA4E-B1F3D3510BAE}.Release|Any CPU.ActiveCfg = Release|Any CPU
		{3014A469-D347-4C8F-BA4E-B1F3D3510BAE}.Release|Any CPU.Build.0 = Release|Any CPU
	EndGlobalSection
	GlobalSection(SolutionProperties) = preSolution
		HideSolutionNode = FALSE
	EndGlobalSection
	GlobalSection(ExtensibilityGlobals) = postSolution
		SolutionGuid = {DC759FA8-9B9C-4817-B3D9-57AB83E7287B}
	EndGlobalSection
EndGlobal
